// !$*UTF8*$!
{
	archiveVersion = 1;
	classes = {
	};
	objectVersion = 46;
	objects = {

/* Begin PBXBuildFile section */
		4A81AC79268B1F330038DC70 /* ConfigDemo-4.0.txt in Resources */ = {isa = PBXBuildFile; fileRef = 4A81AC77268B1F320038DC70 /* ConfigDemo-4.0.txt */; };
		4A81AC7A268B1F330038DC70 /* ConfigSystem ActiveLookApp-3.7.txt in Resources */ = {isa = PBXBuildFile; fileRef = 4A81AC78268B1F330038DC70 /* ConfigSystem ActiveLookApp-3.7.txt */; };
		607FACD61AFB9204008FA782 /* AppDelegate.swift in Sources */ = {isa = PBXBuildFile; fileRef = 607FACD51AFB9204008FA782 /* AppDelegate.swift */; };
		607FACDD1AFB9204008FA782 /* Images.xcassets in Resources */ = {isa = PBXBuildFile; fileRef = 607FACDC1AFB9204008FA782 /* Images.xcassets */; };
		607FACE01AFB9204008FA782 /* LaunchScreen.xib in Resources */ = {isa = PBXBuildFile; fileRef = 607FACDE1AFB9204008FA782 /* LaunchScreen.xib */; };
		607FACEC1AFB9204008FA782 /* Tests.swift in Sources */ = {isa = PBXBuildFile; fileRef = 607FACEB1AFB9204008FA782 /* Tests.swift */; };
		6D08115A260895370000FF32 /* Main.storyboard in Resources */ = {isa = PBXBuildFile; fileRef = 6D081159260895370000FF32 /* Main.storyboard */; };
		6D08117C260895B40000FF32 /* NotificationsViewController.swift in Sources */ = {isa = PBXBuildFile; fileRef = 6D081179260895B40000FF32 /* NotificationsViewController.swift */; };
		6D08117E260895B40000FF32 /* GlassesTableViewController.swift in Sources */ = {isa = PBXBuildFile; fileRef = 6D08117B260895B40000FF32 /* GlassesTableViewController.swift */; };
		6D0811972608E2B90000FF32 /* CommandsMenuTableViewController.swift in Sources */ = {isa = PBXBuildFile; fileRef = 6D0811962608E2B90000FF32 /* CommandsMenuTableViewController.swift */; };
		6D4DC89D2611C336006F2397 /* GeneralCommandsViewController.swift in Sources */ = {isa = PBXBuildFile; fileRef = 6D4DC89C2611C336006F2397 /* GeneralCommandsViewController.swift */; };
		6D4DC8A32611C737006F2397 /* CommandsTableViewController.swift in Sources */ = {isa = PBXBuildFile; fileRef = 6D4DC8A22611C737006F2397 /* CommandsTableViewController.swift */; };
		6D4DC8AF2611CF52006F2397 /* DisplayCommandsViewController.swift in Sources */ = {isa = PBXBuildFile; fileRef = 6D4DC8AE2611CF52006F2397 /* DisplayCommandsViewController.swift */; };
		6D4DC8BB2611D41E006F2397 /* OpticalCommandsViewController.swift in Sources */ = {isa = PBXBuildFile; fileRef = 6D4DC8BA2611D41E006F2397 /* OpticalCommandsViewController.swift */; };
		6D4DC8BF2611D432006F2397 /* GraphicsCommandsViewController.swift in Sources */ = {isa = PBXBuildFile; fileRef = 6D4DC8BE2611D432006F2397 /* GraphicsCommandsViewController.swift */; };
		6D7D61FD26123657008AC331 /* ImageCommandsViewController.swift in Sources */ = {isa = PBXBuildFile; fileRef = 6D7D61FC26123657008AC331 /* ImageCommandsViewController.swift */; };
		6DB674EF261C98B8002D6E18 /* LayoutCommandsViewController.swift in Sources */ = {isa = PBXBuildFile; fileRef = 6DB674EE261C98B8002D6E18 /* LayoutCommandsViewController.swift */; };
		6DB674F3261C98C5002D6E18 /* PageCommandsViewController.swift in Sources */ = {isa = PBXBuildFile; fileRef = 6DB674F2261C98C5002D6E18 /* PageCommandsViewController.swift */; };
		6DB674F7261C98D1002D6E18 /* ConfigurationCommandsViewController.swift in Sources */ = {isa = PBXBuildFile; fileRef = 6DB674F6261C98D1002D6E18 /* ConfigurationCommandsViewController.swift */; };
		6DB674FB261C98DC002D6E18 /* StatisticsCommandsViewController.swift in Sources */ = {isa = PBXBuildFile; fileRef = 6DB674FA261C98DC002D6E18 /* StatisticsCommandsViewController.swift */; };
		6DB674FF261C98ED002D6E18 /* GaugeCommandsViewController.swift in Sources */ = {isa = PBXBuildFile; fileRef = 6DB674FE261C98ED002D6E18 /* GaugeCommandsViewController.swift */; };
		6DB67503261C98F8002D6E18 /* FontCommandsViewController.swift in Sources */ = {isa = PBXBuildFile; fileRef = 6DB67502261C98F8002D6E18 /* FontCommandsViewController.swift */; };
		97FB9D7A64C386FF3C6E3AFE /* Pods_ActiveLookSDK_Example.framework in Frameworks */ = {isa = PBXBuildFile; fileRef = 2883C312A9DC4A12A6A7D788 /* Pods_ActiveLookSDK_Example.framework */; };
		ED5A43DC1B6AEA30322C6D8E /* Pods_ActiveLookSDK_Tests.framework in Frameworks */ = {isa = PBXBuildFile; fileRef = 7E551BF86683096122231973 /* Pods_ActiveLookSDK_Tests.framework */; };
/* End PBXBuildFile section */

/* Begin PBXContainerItemProxy section */
		607FACE61AFB9204008FA782 /* PBXContainerItemProxy */ = {
			isa = PBXContainerItemProxy;
			containerPortal = 607FACC81AFB9204008FA782 /* Project object */;
			proxyType = 1;
			remoteGlobalIDString = 607FACCF1AFB9204008FA782;
			remoteInfo = ActiveLookSDK;
		};
/* End PBXContainerItemProxy section */

/* Begin PBXFileReference section */
		1FBEE7D55113BC0EFFAE408F /* Pods-ActiveLookSDK_Tests.release.xcconfig */ = {isa = PBXFileReference; includeInIndex = 1; lastKnownFileType = text.xcconfig; name = "Pods-ActiveLookSDK_Tests.release.xcconfig"; path = "Target Support Files/Pods-ActiveLookSDK_Tests/Pods-ActiveLookSDK_Tests.release.xcconfig"; sourceTree = "<group>"; };
		2883C312A9DC4A12A6A7D788 /* Pods_ActiveLookSDK_Example.framework */ = {isa = PBXFileReference; explicitFileType = wrapper.framework; includeInIndex = 0; path = Pods_ActiveLookSDK_Example.framework; sourceTree = BUILT_PRODUCTS_DIR; };
		3B5835CD2E5B0F3DB00FA0AE /* ActiveLookSDK.podspec */ = {isa = PBXFileReference; includeInIndex = 1; lastKnownFileType = text; name = ActiveLookSDK.podspec; path = ../ActiveLookSDK.podspec; sourceTree = "<group>"; xcLanguageSpecificationIdentifier = xcode.lang.ruby; };
		4A81AC77268B1F320038DC70 /* ConfigDemo-4.0.txt */ = {isa = PBXFileReference; fileEncoding = 4; lastKnownFileType = text; path = "ConfigDemo-4.0.txt"; sourceTree = "<group>"; };
		4A81AC78268B1F330038DC70 /* ConfigSystem ActiveLookApp-3.7.txt */ = {isa = PBXFileReference; fileEncoding = 4; lastKnownFileType = text; path = "ConfigSystem ActiveLookApp-3.7.txt"; sourceTree = "<group>"; };
		4DF3C0802BFC743CF75A66A3 /* LICENSE */ = {isa = PBXFileReference; includeInIndex = 1; lastKnownFileType = text; name = LICENSE; path = ../LICENSE; sourceTree = "<group>"; };
		607FACD01AFB9204008FA782 /* ActiveLookSDK_Example.app */ = {isa = PBXFileReference; explicitFileType = wrapper.application; includeInIndex = 0; path = ActiveLookSDK_Example.app; sourceTree = BUILT_PRODUCTS_DIR; };
		607FACD41AFB9204008FA782 /* Info.plist */ = {isa = PBXFileReference; lastKnownFileType = text.plist.xml; path = Info.plist; sourceTree = "<group>"; };
		607FACD51AFB9204008FA782 /* AppDelegate.swift */ = {isa = PBXFileReference; lastKnownFileType = sourcecode.swift; path = AppDelegate.swift; sourceTree = "<group>"; };
		607FACDC1AFB9204008FA782 /* Images.xcassets */ = {isa = PBXFileReference; lastKnownFileType = folder.assetcatalog; path = Images.xcassets; sourceTree = "<group>"; };
		607FACDF1AFB9204008FA782 /* Base */ = {isa = PBXFileReference; lastKnownFileType = file.xib; name = Base; path = Base.lproj/LaunchScreen.xib; sourceTree = "<group>"; };
		607FACE51AFB9204008FA782 /* ActiveLookSDK_Tests.xctest */ = {isa = PBXFileReference; explicitFileType = wrapper.cfbundle; includeInIndex = 0; path = ActiveLookSDK_Tests.xctest; sourceTree = BUILT_PRODUCTS_DIR; };
		607FACEA1AFB9204008FA782 /* Info.plist */ = {isa = PBXFileReference; lastKnownFileType = text.plist.xml; path = Info.plist; sourceTree = "<group>"; };
		607FACEB1AFB9204008FA782 /* Tests.swift */ = {isa = PBXFileReference; lastKnownFileType = sourcecode.swift; path = Tests.swift; sourceTree = "<group>"; };
		6D081159260895370000FF32 /* Main.storyboard */ = {isa = PBXFileReference; fileEncoding = 4; lastKnownFileType = file.storyboard; path = Main.storyboard; sourceTree = "<group>"; };
		6D081179260895B40000FF32 /* NotificationsViewController.swift */ = {isa = PBXFileReference; fileEncoding = 4; lastKnownFileType = sourcecode.swift; path = NotificationsViewController.swift; sourceTree = "<group>"; };
		6D08117B260895B40000FF32 /* GlassesTableViewController.swift */ = {isa = PBXFileReference; fileEncoding = 4; lastKnownFileType = sourcecode.swift; path = GlassesTableViewController.swift; sourceTree = "<group>"; };
		6D0811962608E2B90000FF32 /* CommandsMenuTableViewController.swift */ = {isa = PBXFileReference; lastKnownFileType = sourcecode.swift; path = CommandsMenuTableViewController.swift; sourceTree = "<group>"; };
		6D4DC89C2611C336006F2397 /* GeneralCommandsViewController.swift */ = {isa = PBXFileReference; lastKnownFileType = sourcecode.swift; path = GeneralCommandsViewController.swift; sourceTree = "<group>"; };
		6D4DC8A22611C737006F2397 /* CommandsTableViewController.swift */ = {isa = PBXFileReference; lastKnownFileType = sourcecode.swift; path = CommandsTableViewController.swift; sourceTree = "<group>"; };
		6D4DC8AE2611CF52006F2397 /* DisplayCommandsViewController.swift */ = {isa = PBXFileReference; lastKnownFileType = sourcecode.swift; path = DisplayCommandsViewController.swift; sourceTree = "<group>"; };
		6D4DC8BA2611D41E006F2397 /* OpticalCommandsViewController.swift */ = {isa = PBXFileReference; lastKnownFileType = sourcecode.swift; path = OpticalCommandsViewController.swift; sourceTree = "<group>"; };
		6D4DC8BE2611D432006F2397 /* GraphicsCommandsViewController.swift */ = {isa = PBXFileReference; lastKnownFileType = sourcecode.swift; path = GraphicsCommandsViewController.swift; sourceTree = "<group>"; };
		6D7D61FC26123657008AC331 /* ImageCommandsViewController.swift */ = {isa = PBXFileReference; lastKnownFileType = sourcecode.swift; path = ImageCommandsViewController.swift; sourceTree = "<group>"; };
		6DB674EE261C98B8002D6E18 /* LayoutCommandsViewController.swift */ = {isa = PBXFileReference; lastKnownFileType = sourcecode.swift; path = LayoutCommandsViewController.swift; sourceTree = "<group>"; };
		6DB674F2261C98C5002D6E18 /* PageCommandsViewController.swift */ = {isa = PBXFileReference; lastKnownFileType = sourcecode.swift; path = PageCommandsViewController.swift; sourceTree = "<group>"; };
		6DB674F6261C98D1002D6E18 /* ConfigurationCommandsViewController.swift */ = {isa = PBXFileReference; lastKnownFileType = sourcecode.swift; path = ConfigurationCommandsViewController.swift; sourceTree = "<group>"; };
		6DB674FA261C98DC002D6E18 /* StatisticsCommandsViewController.swift */ = {isa = PBXFileReference; lastKnownFileType = sourcecode.swift; path = StatisticsCommandsViewController.swift; sourceTree = "<group>"; };
		6DB674FE261C98ED002D6E18 /* GaugeCommandsViewController.swift */ = {isa = PBXFileReference; lastKnownFileType = sourcecode.swift; path = GaugeCommandsViewController.swift; sourceTree = "<group>"; };
		6DB67502261C98F8002D6E18 /* FontCommandsViewController.swift */ = {isa = PBXFileReference; lastKnownFileType = sourcecode.swift; path = FontCommandsViewController.swift; sourceTree = "<group>"; };
		7E551BF86683096122231973 /* Pods_ActiveLookSDK_Tests.framework */ = {isa = PBXFileReference; explicitFileType = wrapper.framework; includeInIndex = 0; path = Pods_ActiveLookSDK_Tests.framework; sourceTree = BUILT_PRODUCTS_DIR; };
		83200256C08053AF7A006996 /* Pods-ActiveLookSDK_Tests.debug.xcconfig */ = {isa = PBXFileReference; includeInIndex = 1; lastKnownFileType = text.xcconfig; name = "Pods-ActiveLookSDK_Tests.debug.xcconfig"; path = "Target Support Files/Pods-ActiveLookSDK_Tests/Pods-ActiveLookSDK_Tests.debug.xcconfig"; sourceTree = "<group>"; };
		C81A328DB7A951CCF6A77D89 /* Pods-ActiveLookSDK_Example.debug.xcconfig */ = {isa = PBXFileReference; includeInIndex = 1; lastKnownFileType = text.xcconfig; name = "Pods-ActiveLookSDK_Example.debug.xcconfig"; path = "Target Support Files/Pods-ActiveLookSDK_Example/Pods-ActiveLookSDK_Example.debug.xcconfig"; sourceTree = "<group>"; };
		D332A61E88146D5EFF116DFF /* README.md */ = {isa = PBXFileReference; includeInIndex = 1; lastKnownFileType = net.daringfireball.markdown; name = README.md; path = ../README.md; sourceTree = "<group>"; };
		F55477437C104300E1C1792E /* Pods-ActiveLookSDK_Example.release.xcconfig */ = {isa = PBXFileReference; includeInIndex = 1; lastKnownFileType = text.xcconfig; name = "Pods-ActiveLookSDK_Example.release.xcconfig"; path = "Target Support Files/Pods-ActiveLookSDK_Example/Pods-ActiveLookSDK_Example.release.xcconfig"; sourceTree = "<group>"; };
/* End PBXFileReference section */

/* Begin PBXFrameworksBuildPhase section */
		607FACCD1AFB9204008FA782 /* Frameworks */ = {
			isa = PBXFrameworksBuildPhase;
			buildActionMask = 2147483647;
			files = (
				97FB9D7A64C386FF3C6E3AFE /* Pods_ActiveLookSDK_Example.framework in Frameworks */,
			);
			runOnlyForDeploymentPostprocessing = 0;
		};
		607FACE21AFB9204008FA782 /* Frameworks */ = {
			isa = PBXFrameworksBuildPhase;
			buildActionMask = 2147483647;
			files = (
				ED5A43DC1B6AEA30322C6D8E /* Pods_ActiveLookSDK_Tests.framework in Frameworks */,
			);
			runOnlyForDeploymentPostprocessing = 0;
		};
/* End PBXFrameworksBuildPhase section */

/* Begin PBXGroup section */
		4A81AC76268B1EFF0038DC70 /* Assets */ = {
			isa = PBXGroup;
			children = (
				4A81AC77268B1F320038DC70 /* ConfigDemo-4.0.txt */,
				4A81AC78268B1F330038DC70 /* ConfigSystem ActiveLookApp-3.7.txt */,
			);
			path = Assets;
			sourceTree = "<group>";
		};
		607FACC71AFB9204008FA782 = {
			isa = PBXGroup;
			children = (
				4A81AC76268B1EFF0038DC70 /* Assets */,
				607FACF51AFB993E008FA782 /* Podspec Metadata */,
				607FACD21AFB9204008FA782 /* Example */,
				607FACE81AFB9204008FA782 /* Tests */,
				607FACD11AFB9204008FA782 /* Products */,
				BB37A1BB49A9EB86C4F961D0 /* Pods */,
				B61A155E3E01C738B23EDA23 /* Frameworks */,
			);
			sourceTree = "<group>";
		};
		607FACD11AFB9204008FA782 /* Products */ = {
			isa = PBXGroup;
			children = (
				607FACD01AFB9204008FA782 /* ActiveLookSDK_Example.app */,
				607FACE51AFB9204008FA782 /* ActiveLookSDK_Tests.xctest */,
			);
			name = Products;
			sourceTree = "<group>";
		};
		607FACD21AFB9204008FA782 /* Example */ = {
			isa = PBXGroup;
			children = (
				607FACD51AFB9204008FA782 /* AppDelegate.swift */,
				6D08117B260895B40000FF32 /* GlassesTableViewController.swift */,
				6D0811962608E2B90000FF32 /* CommandsMenuTableViewController.swift */,
				6D4DC8A22611C737006F2397 /* CommandsTableViewController.swift */,
				6D4DC8AB2611CE8D006F2397 /* Assets */,
				6D4DC8AC2611CE9A006F2397 /* Commands */,
				6D4DC8AD2611CEBB006F2397 /* Notifications */,
				6D4DC8AA2611CE76006F2397 /* Storyboard */,
				607FACD31AFB9204008FA782 /* Supporting Files */,
			);
			name = Example;
			path = ActiveLookSDK;
			sourceTree = "<group>";
		};
		607FACD31AFB9204008FA782 /* Supporting Files */ = {
			isa = PBXGroup;
			children = (
				607FACD41AFB9204008FA782 /* Info.plist */,
			);
			name = "Supporting Files";
			sourceTree = "<group>";
		};
		607FACE81AFB9204008FA782 /* Tests */ = {
			isa = PBXGroup;
			children = (
				607FACEB1AFB9204008FA782 /* Tests.swift */,
				607FACE91AFB9204008FA782 /* Supporting Files */,
			);
			path = Tests;
			sourceTree = "<group>";
		};
		607FACE91AFB9204008FA782 /* Supporting Files */ = {
			isa = PBXGroup;
			children = (
				607FACEA1AFB9204008FA782 /* Info.plist */,
			);
			name = "Supporting Files";
			sourceTree = "<group>";
		};
		607FACF51AFB993E008FA782 /* Podspec Metadata */ = {
			isa = PBXGroup;
			children = (
				3B5835CD2E5B0F3DB00FA0AE /* ActiveLookSDK.podspec */,
				D332A61E88146D5EFF116DFF /* README.md */,
				4DF3C0802BFC743CF75A66A3 /* LICENSE */,
			);
			name = "Podspec Metadata";
			sourceTree = "<group>";
		};
		6D4DC8AA2611CE76006F2397 /* Storyboard */ = {
			isa = PBXGroup;
			children = (
				607FACDE1AFB9204008FA782 /* LaunchScreen.xib */,
				6D081159260895370000FF32 /* Main.storyboard */,
			);
			name = Storyboard;
			sourceTree = "<group>";
		};
		6D4DC8AB2611CE8D006F2397 /* Assets */ = {
			isa = PBXGroup;
			children = (
				607FACDC1AFB9204008FA782 /* Images.xcassets */,
			);
			name = Assets;
			sourceTree = "<group>";
		};
		6D4DC8AC2611CE9A006F2397 /* Commands */ = {
			isa = PBXGroup;
			children = (
				6DB674F6261C98D1002D6E18 /* ConfigurationCommandsViewController.swift */,
				6D4DC8AE2611CF52006F2397 /* DisplayCommandsViewController.swift */,
				6DB67502261C98F8002D6E18 /* FontCommandsViewController.swift */,
				6DB674FE261C98ED002D6E18 /* GaugeCommandsViewController.swift */,
				6D4DC89C2611C336006F2397 /* GeneralCommandsViewController.swift */,
				6D4DC8BE2611D432006F2397 /* GraphicsCommandsViewController.swift */,
				6D7D61FC26123657008AC331 /* ImageCommandsViewController.swift */,
				6DB674EE261C98B8002D6E18 /* LayoutCommandsViewController.swift */,
				6D4DC8BA2611D41E006F2397 /* OpticalCommandsViewController.swift */,
				6DB674F2261C98C5002D6E18 /* PageCommandsViewController.swift */,
				6DB674FA261C98DC002D6E18 /* StatisticsCommandsViewController.swift */,
			);
			name = Commands;
			sourceTree = "<group>";
		};
		6D4DC8AD2611CEBB006F2397 /* Notifications */ = {
			isa = PBXGroup;
			children = (
				6D081179260895B40000FF32 /* NotificationsViewController.swift */,
			);
			name = Notifications;
			sourceTree = "<group>";
		};
		B61A155E3E01C738B23EDA23 /* Frameworks */ = {
			isa = PBXGroup;
			children = (
				2883C312A9DC4A12A6A7D788 /* Pods_ActiveLookSDK_Example.framework */,
				7E551BF86683096122231973 /* Pods_ActiveLookSDK_Tests.framework */,
			);
			name = Frameworks;
			sourceTree = "<group>";
		};
		BB37A1BB49A9EB86C4F961D0 /* Pods */ = {
			isa = PBXGroup;
			children = (
				C81A328DB7A951CCF6A77D89 /* Pods-ActiveLookSDK_Example.debug.xcconfig */,
				F55477437C104300E1C1792E /* Pods-ActiveLookSDK_Example.release.xcconfig */,
				83200256C08053AF7A006996 /* Pods-ActiveLookSDK_Tests.debug.xcconfig */,
				1FBEE7D55113BC0EFFAE408F /* Pods-ActiveLookSDK_Tests.release.xcconfig */,
			);
			path = Pods;
			sourceTree = "<group>";
		};
/* End PBXGroup section */

/* Begin PBXNativeTarget section */
		607FACCF1AFB9204008FA782 /* ActiveLookSDK_Example */ = {
			isa = PBXNativeTarget;
			buildConfigurationList = 607FACEF1AFB9204008FA782 /* Build configuration list for PBXNativeTarget "ActiveLookSDK_Example" */;
			buildPhases = (
				33F6AE3047ABB41F58A64AA3 /* [CP] Check Pods Manifest.lock */,
				607FACCC1AFB9204008FA782 /* Sources */,
				607FACCD1AFB9204008FA782 /* Frameworks */,
				607FACCE1AFB9204008FA782 /* Resources */,
				93EE30ADCE1779B2D1C4A7E3 /* [CP] Embed Pods Frameworks */,
			);
			buildRules = (
			);
			dependencies = (
			);
			name = ActiveLookSDK_Example;
			productName = ActiveLookSDK;
			productReference = 607FACD01AFB9204008FA782 /* ActiveLookSDK_Example.app */;
			productType = "com.apple.product-type.application";
		};
		607FACE41AFB9204008FA782 /* ActiveLookSDK_Tests */ = {
			isa = PBXNativeTarget;
			buildConfigurationList = 607FACF21AFB9204008FA782 /* Build configuration list for PBXNativeTarget "ActiveLookSDK_Tests" */;
			buildPhases = (
				CB761D360EBEDD53ED4AAB22 /* [CP] Check Pods Manifest.lock */,
				607FACE11AFB9204008FA782 /* Sources */,
				607FACE21AFB9204008FA782 /* Frameworks */,
				607FACE31AFB9204008FA782 /* Resources */,
			);
			buildRules = (
			);
			dependencies = (
				607FACE71AFB9204008FA782 /* PBXTargetDependency */,
			);
			name = ActiveLookSDK_Tests;
			productName = Tests;
			productReference = 607FACE51AFB9204008FA782 /* ActiveLookSDK_Tests.xctest */;
			productType = "com.apple.product-type.bundle.unit-test";
		};
/* End PBXNativeTarget section */

/* Begin PBXProject section */
		607FACC81AFB9204008FA782 /* Project object */ = {
			isa = PBXProject;
			attributes = {
				LastSwiftUpdateCheck = 0830;
				LastUpgradeCheck = 1220;
				ORGANIZATIONNAME = CocoaPods;
				TargetAttributes = {
					607FACCF1AFB9204008FA782 = {
						CreatedOnToolsVersion = 6.3.1;
						DevelopmentTeam = M93MNXR86B;
						LastSwiftMigration = 0900;
					};
					607FACE41AFB9204008FA782 = {
						CreatedOnToolsVersion = 6.3.1;
						DevelopmentTeam = M93MNXR86B;
						LastSwiftMigration = 1220;
						TestTargetID = 607FACCF1AFB9204008FA782;
					};
				};
			};
			buildConfigurationList = 607FACCB1AFB9204008FA782 /* Build configuration list for PBXProject "ActiveLookSDK" */;
			compatibilityVersion = "Xcode 3.2";
			developmentRegion = en;
			hasScannedForEncodings = 0;
			knownRegions = (
				en,
				Base,
			);
			mainGroup = 607FACC71AFB9204008FA782;
			productRefGroup = 607FACD11AFB9204008FA782 /* Products */;
			projectDirPath = "";
			projectRoot = "";
			targets = (
				607FACCF1AFB9204008FA782 /* ActiveLookSDK_Example */,
				607FACE41AFB9204008FA782 /* ActiveLookSDK_Tests */,
			);
		};
/* End PBXProject section */

/* Begin PBXResourcesBuildPhase section */
		607FACCE1AFB9204008FA782 /* Resources */ = {
			isa = PBXResourcesBuildPhase;
			buildActionMask = 2147483647;
			files = (
				607FACE01AFB9204008FA782 /* LaunchScreen.xib in Resources */,
				4A81AC7A268B1F330038DC70 /* ConfigSystem ActiveLookApp-3.7.txt in Resources */,
				607FACDD1AFB9204008FA782 /* Images.xcassets in Resources */,
				4A81AC79268B1F330038DC70 /* ConfigDemo-4.0.txt in Resources */,
				6D08115A260895370000FF32 /* Main.storyboard in Resources */,
			);
			runOnlyForDeploymentPostprocessing = 0;
		};
		607FACE31AFB9204008FA782 /* Resources */ = {
			isa = PBXResourcesBuildPhase;
			buildActionMask = 2147483647;
			files = (
			);
			runOnlyForDeploymentPostprocessing = 0;
		};
/* End PBXResourcesBuildPhase section */

/* Begin PBXShellScriptBuildPhase section */
		33F6AE3047ABB41F58A64AA3 /* [CP] Check Pods Manifest.lock */ = {
			isa = PBXShellScriptBuildPhase;
			buildActionMask = 2147483647;
			files = (
			);
			inputFileListPaths = (
			);
			inputPaths = (
				"${PODS_PODFILE_DIR_PATH}/Podfile.lock",
				"${PODS_ROOT}/Manifest.lock",
			);
			name = "[CP] Check Pods Manifest.lock";
			outputFileListPaths = (
			);
			outputPaths = (
				"$(DERIVED_FILE_DIR)/Pods-ActiveLookSDK_Example-checkManifestLockResult.txt",
			);
			runOnlyForDeploymentPostprocessing = 0;
			shellPath = /bin/sh;
			shellScript = "diff \"${PODS_PODFILE_DIR_PATH}/Podfile.lock\" \"${PODS_ROOT}/Manifest.lock\" > /dev/null\nif [ $? != 0 ] ; then\n    # print error to STDERR\n    echo \"error: The sandbox is not in sync with the Podfile.lock. Run 'pod install' or update your CocoaPods installation.\" >&2\n    exit 1\nfi\n# This output is used by Xcode 'outputs' to avoid re-running this script phase.\necho \"SUCCESS\" > \"${SCRIPT_OUTPUT_FILE_0}\"\n";
			showEnvVarsInLog = 0;
		};
		93EE30ADCE1779B2D1C4A7E3 /* [CP] Embed Pods Frameworks */ = {
			isa = PBXShellScriptBuildPhase;
			buildActionMask = 2147483647;
			files = (
			);
			inputPaths = (
				"${PODS_ROOT}/Target Support Files/Pods-ActiveLookSDK_Example/Pods-ActiveLookSDK_Example-frameworks.sh",
				"${BUILT_PRODUCTS_DIR}/ActiveLookSDK/ActiveLookSDK.framework",
			);
			name = "[CP] Embed Pods Frameworks";
			outputPaths = (
				"${TARGET_BUILD_DIR}/${FRAMEWORKS_FOLDER_PATH}/ActiveLookSDK.framework",
			);
			runOnlyForDeploymentPostprocessing = 0;
			shellPath = /bin/sh;
			shellScript = "\"${PODS_ROOT}/Target Support Files/Pods-ActiveLookSDK_Example/Pods-ActiveLookSDK_Example-frameworks.sh\"\n";
			showEnvVarsInLog = 0;
		};
		CB761D360EBEDD53ED4AAB22 /* [CP] Check Pods Manifest.lock */ = {
			isa = PBXShellScriptBuildPhase;
			buildActionMask = 2147483647;
			files = (
			);
			inputFileListPaths = (
			);
			inputPaths = (
				"${PODS_PODFILE_DIR_PATH}/Podfile.lock",
				"${PODS_ROOT}/Manifest.lock",
			);
			name = "[CP] Check Pods Manifest.lock";
			outputFileListPaths = (
			);
			outputPaths = (
				"$(DERIVED_FILE_DIR)/Pods-ActiveLookSDK_Tests-checkManifestLockResult.txt",
			);
			runOnlyForDeploymentPostprocessing = 0;
			shellPath = /bin/sh;
			shellScript = "diff \"${PODS_PODFILE_DIR_PATH}/Podfile.lock\" \"${PODS_ROOT}/Manifest.lock\" > /dev/null\nif [ $? != 0 ] ; then\n    # print error to STDERR\n    echo \"error: The sandbox is not in sync with the Podfile.lock. Run 'pod install' or update your CocoaPods installation.\" >&2\n    exit 1\nfi\n# This output is used by Xcode 'outputs' to avoid re-running this script phase.\necho \"SUCCESS\" > \"${SCRIPT_OUTPUT_FILE_0}\"\n";
			showEnvVarsInLog = 0;
		};
/* End PBXShellScriptBuildPhase section */

/* Begin PBXSourcesBuildPhase section */
		607FACCC1AFB9204008FA782 /* Sources */ = {
			isa = PBXSourcesBuildPhase;
			buildActionMask = 2147483647;
			files = (
				6DB674F7261C98D1002D6E18 /* ConfigurationCommandsViewController.swift in Sources */,
				6D4DC8BF2611D432006F2397 /* GraphicsCommandsViewController.swift in Sources */,
				6D4DC8AF2611CF52006F2397 /* DisplayCommandsViewController.swift in Sources */,
				6DB674F3261C98C5002D6E18 /* PageCommandsViewController.swift in Sources */,
				6D0811972608E2B90000FF32 /* CommandsMenuTableViewController.swift in Sources */,
				6D4DC8A32611C737006F2397 /* CommandsTableViewController.swift in Sources */,
				6DB67503261C98F8002D6E18 /* FontCommandsViewController.swift in Sources */,
				6DB674EF261C98B8002D6E18 /* LayoutCommandsViewController.swift in Sources */,
				6D4DC8BB2611D41E006F2397 /* OpticalCommandsViewController.swift in Sources */,
				6D4DC89D2611C336006F2397 /* GeneralCommandsViewController.swift in Sources */,
				6D7D61FD26123657008AC331 /* ImageCommandsViewController.swift in Sources */,
				6D08117C260895B40000FF32 /* NotificationsViewController.swift in Sources */,
				607FACD61AFB9204008FA782 /* AppDelegate.swift in Sources */,
				6DB674FF261C98ED002D6E18 /* GaugeCommandsViewController.swift in Sources */,
				6D08117E260895B40000FF32 /* GlassesTableViewController.swift in Sources */,
				6DB674FB261C98DC002D6E18 /* StatisticsCommandsViewController.swift in Sources */,
			);
			runOnlyForDeploymentPostprocessing = 0;
		};
		607FACE11AFB9204008FA782 /* Sources */ = {
			isa = PBXSourcesBuildPhase;
			buildActionMask = 2147483647;
			files = (
				607FACEC1AFB9204008FA782 /* Tests.swift in Sources */,
			);
			runOnlyForDeploymentPostprocessing = 0;
		};
/* End PBXSourcesBuildPhase section */

/* Begin PBXTargetDependency section */
		607FACE71AFB9204008FA782 /* PBXTargetDependency */ = {
			isa = PBXTargetDependency;
			target = 607FACCF1AFB9204008FA782 /* ActiveLookSDK_Example */;
			targetProxy = 607FACE61AFB9204008FA782 /* PBXContainerItemProxy */;
		};
/* End PBXTargetDependency section */

/* Begin PBXVariantGroup section */
		607FACDE1AFB9204008FA782 /* LaunchScreen.xib */ = {
			isa = PBXVariantGroup;
			children = (
				607FACDF1AFB9204008FA782 /* Base */,
			);
			name = LaunchScreen.xib;
			sourceTree = "<group>";
		};
/* End PBXVariantGroup section */

/* Begin XCBuildConfiguration section */
		607FACED1AFB9204008FA782 /* Debug */ = {
			isa = XCBuildConfiguration;
			buildSettings = {
				ALWAYS_SEARCH_USER_PATHS = NO;
				CLANG_ANALYZER_LOCALIZABILITY_NONLOCALIZED = YES;
				CLANG_CXX_LANGUAGE_STANDARD = "gnu++0x";
				CLANG_CXX_LIBRARY = "libc++";
				CLANG_ENABLE_MODULES = YES;
				CLANG_ENABLE_OBJC_ARC = YES;
				CLANG_WARN_BLOCK_CAPTURE_AUTORELEASING = YES;
				CLANG_WARN_BOOL_CONVERSION = YES;
				CLANG_WARN_COMMA = YES;
				CLANG_WARN_CONSTANT_CONVERSION = YES;
				CLANG_WARN_DEPRECATED_OBJC_IMPLEMENTATIONS = YES;
				CLANG_WARN_DIRECT_OBJC_ISA_USAGE = YES_ERROR;
				CLANG_WARN_EMPTY_BODY = YES;
				CLANG_WARN_ENUM_CONVERSION = YES;
				CLANG_WARN_INFINITE_RECURSION = YES;
				CLANG_WARN_INT_CONVERSION = YES;
				CLANG_WARN_NON_LITERAL_NULL_CONVERSION = YES;
				CLANG_WARN_OBJC_IMPLICIT_RETAIN_SELF = YES;
				CLANG_WARN_OBJC_LITERAL_CONVERSION = YES;
				CLANG_WARN_OBJC_ROOT_CLASS = YES_ERROR;
				CLANG_WARN_QUOTED_INCLUDE_IN_FRAMEWORK_HEADER = YES;
				CLANG_WARN_RANGE_LOOP_ANALYSIS = YES;
				CLANG_WARN_STRICT_PROTOTYPES = YES;
				CLANG_WARN_SUSPICIOUS_MOVE = YES;
				CLANG_WARN_UNREACHABLE_CODE = YES;
				CLANG_WARN__DUPLICATE_METHOD_MATCH = YES;
				"CODE_SIGN_IDENTITY[sdk=iphoneos*]" = "iPhone Developer";
				COPY_PHASE_STRIP = NO;
				DEBUG_INFORMATION_FORMAT = "dwarf-with-dsym";
				ENABLE_STRICT_OBJC_MSGSEND = YES;
				ENABLE_TESTABILITY = YES;
				GCC_C_LANGUAGE_STANDARD = gnu99;
				GCC_DYNAMIC_NO_PIC = NO;
				GCC_NO_COMMON_BLOCKS = YES;
				GCC_OPTIMIZATION_LEVEL = 0;
				GCC_PREPROCESSOR_DEFINITIONS = (
					"DEBUG=1",
					"$(inherited)",
				);
				GCC_SYMBOLS_PRIVATE_EXTERN = NO;
				GCC_WARN_64_TO_32_BIT_CONVERSION = YES;
				GCC_WARN_ABOUT_RETURN_TYPE = YES_ERROR;
				GCC_WARN_UNDECLARED_SELECTOR = YES;
				GCC_WARN_UNINITIALIZED_AUTOS = YES_AGGRESSIVE;
				GCC_WARN_UNUSED_FUNCTION = YES;
				GCC_WARN_UNUSED_VARIABLE = YES;
				IPHONEOS_DEPLOYMENT_TARGET = 13.0;
				MTL_ENABLE_DEBUG_INFO = YES;
				ONLY_ACTIVE_ARCH = YES;
				SDKROOT = iphoneos;
				SWIFT_OPTIMIZATION_LEVEL = "-Onone";
			};
			name = Debug;
		};
		607FACEE1AFB9204008FA782 /* Release */ = {
			isa = XCBuildConfiguration;
			buildSettings = {
				ALWAYS_SEARCH_USER_PATHS = NO;
				CLANG_ANALYZER_LOCALIZABILITY_NONLOCALIZED = YES;
				CLANG_CXX_LANGUAGE_STANDARD = "gnu++0x";
				CLANG_CXX_LIBRARY = "libc++";
				CLANG_ENABLE_MODULES = YES;
				CLANG_ENABLE_OBJC_ARC = YES;
				CLANG_WARN_BLOCK_CAPTURE_AUTORELEASING = YES;
				CLANG_WARN_BOOL_CONVERSION = YES;
				CLANG_WARN_COMMA = YES;
				CLANG_WARN_CONSTANT_CONVERSION = YES;
				CLANG_WARN_DEPRECATED_OBJC_IMPLEMENTATIONS = YES;
				CLANG_WARN_DIRECT_OBJC_ISA_USAGE = YES_ERROR;
				CLANG_WARN_EMPTY_BODY = YES;
				CLANG_WARN_ENUM_CONVERSION = YES;
				CLANG_WARN_INFINITE_RECURSION = YES;
				CLANG_WARN_INT_CONVERSION = YES;
				CLANG_WARN_NON_LITERAL_NULL_CONVERSION = YES;
				CLANG_WARN_OBJC_IMPLICIT_RETAIN_SELF = YES;
				CLANG_WARN_OBJC_LITERAL_CONVERSION = YES;
				CLANG_WARN_OBJC_ROOT_CLASS = YES_ERROR;
				CLANG_WARN_QUOTED_INCLUDE_IN_FRAMEWORK_HEADER = YES;
				CLANG_WARN_RANGE_LOOP_ANALYSIS = YES;
				CLANG_WARN_STRICT_PROTOTYPES = YES;
				CLANG_WARN_SUSPICIOUS_MOVE = YES;
				CLANG_WARN_UNREACHABLE_CODE = YES;
				CLANG_WARN__DUPLICATE_METHOD_MATCH = YES;
				"CODE_SIGN_IDENTITY[sdk=iphoneos*]" = "iPhone Developer";
				COPY_PHASE_STRIP = NO;
				DEBUG_INFORMATION_FORMAT = "dwarf-with-dsym";
				ENABLE_NS_ASSERTIONS = NO;
				ENABLE_STRICT_OBJC_MSGSEND = YES;
				GCC_C_LANGUAGE_STANDARD = gnu99;
				GCC_NO_COMMON_BLOCKS = YES;
				GCC_WARN_64_TO_32_BIT_CONVERSION = YES;
				GCC_WARN_ABOUT_RETURN_TYPE = YES_ERROR;
				GCC_WARN_UNDECLARED_SELECTOR = YES;
				GCC_WARN_UNINITIALIZED_AUTOS = YES_AGGRESSIVE;
				GCC_WARN_UNUSED_FUNCTION = YES;
				GCC_WARN_UNUSED_VARIABLE = YES;
				IPHONEOS_DEPLOYMENT_TARGET = 13.0;
				MTL_ENABLE_DEBUG_INFO = NO;
				SDKROOT = iphoneos;
				SWIFT_OPTIMIZATION_LEVEL = "-Owholemodule";
				VALIDATE_PRODUCT = YES;
			};
			name = Release;
		};
		607FACF01AFB9204008FA782 /* Debug */ = {
			isa = XCBuildConfiguration;
			baseConfigurationReference = C81A328DB7A951CCF6A77D89 /* Pods-ActiveLookSDK_Example.debug.xcconfig */;
			buildSettings = {
				ASSETCATALOG_COMPILER_APPICON_NAME = AppIcon;
				DEVELOPMENT_TEAM = M93MNXR86B;
				INFOPLIST_FILE = ActiveLookSDK/Info.plist;
				LD_RUNPATH_SEARCH_PATHS = "$(inherited) @executable_path/Frameworks";
				MODULE_NAME = ExampleApp;
				PRODUCT_BUNDLE_IDENTIFIER = "org.cocoapods.demo.$(PRODUCT_NAME:rfc1034identifier)";
				PRODUCT_NAME = "$(TARGET_NAME)";
				SWIFT_SWIFT3_OBJC_INFERENCE = Default;
				SWIFT_VERSION = 5.0;
			};
			name = Debug;
		};
		607FACF11AFB9204008FA782 /* Release */ = {
			isa = XCBuildConfiguration;
			baseConfigurationReference = F55477437C104300E1C1792E /* Pods-ActiveLookSDK_Example.release.xcconfig */;
			buildSettings = {
				ASSETCATALOG_COMPILER_APPICON_NAME = AppIcon;
				DEVELOPMENT_TEAM = M93MNXR86B;
				INFOPLIST_FILE = ActiveLookSDK/Info.plist;
				LD_RUNPATH_SEARCH_PATHS = "$(inherited) @executable_path/Frameworks";
				MODULE_NAME = ExampleApp;
				PRODUCT_BUNDLE_IDENTIFIER = "org.cocoapods.demo.$(PRODUCT_NAME:rfc1034identifier)";
				PRODUCT_NAME = "$(TARGET_NAME)";
				SWIFT_SWIFT3_OBJC_INFERENCE = Default;
				SWIFT_VERSION = 5.0;
			};
			name = Release;
		};
		607FACF31AFB9204008FA782 /* Debug */ = {
			isa = XCBuildConfiguration;
			baseConfigurationReference = 83200256C08053AF7A006996 /* Pods-ActiveLookSDK_Tests.debug.xcconfig */;
			buildSettings = {
				DEVELOPMENT_TEAM = M93MNXR86B;
				FRAMEWORK_SEARCH_PATHS = (
					"$(PLATFORM_DIR)/Developer/Library/Frameworks",
					"$(inherited)",
				);
				GCC_PREPROCESSOR_DEFINITIONS = (
					"DEBUG=1",
					"$(inherited)",
				);
				INFOPLIST_FILE = Tests/Info.plist;
				LD_RUNPATH_SEARCH_PATHS = "$(inherited) @executable_path/Frameworks @loader_path/Frameworks";
				PRODUCT_BUNDLE_IDENTIFIER = "org.cocoapods.$(PRODUCT_NAME:rfc1034identifier)";
				PRODUCT_NAME = "$(TARGET_NAME)";
				SWIFT_SWIFT3_OBJC_INFERENCE = Default;
				SWIFT_VERSION = 5.0;
				TEST_HOST = "$(BUILT_PRODUCTS_DIR)/ActiveLookSDK_Example.app/ActiveLookSDK_Example";
			};
			name = Debug;
		};
		607FACF41AFB9204008FA782 /* Release */ = {
			isa = XCBuildConfiguration;
			baseConfigurationReference = 1FBEE7D55113BC0EFFAE408F /* Pods-ActiveLookSDK_Tests.release.xcconfig */;
			buildSettings = {
				DEVELOPMENT_TEAM = M93MNXR86B;
				FRAMEWORK_SEARCH_PATHS = (
					"$(PLATFORM_DIR)/Developer/Library/Frameworks",
					"$(inherited)",
				);
				INFOPLIST_FILE = Tests/Info.plist;
				LD_RUNPATH_SEARCH_PATHS = "$(inherited) @executable_path/Frameworks @loader_path/Frameworks";
				PRODUCT_BUNDLE_IDENTIFIER = "org.cocoapods.$(PRODUCT_NAME:rfc1034identifier)";
				PRODUCT_NAME = "$(TARGET_NAME)";
				SWIFT_SWIFT3_OBJC_INFERENCE = Default;
				SWIFT_VERSION = 5.0;
				TEST_HOST = "$(BUILT_PRODUCTS_DIR)/ActiveLookSDK_Example.app/ActiveLookSDK_Example";
			};
			name = Release;
		};
/* End XCBuildConfiguration section */

/* Begin XCConfigurationList section */
		607FACCB1AFB9204008FA782 /* Build configuration list for PBXProject "ActiveLookSDK" */ = {
			isa = XCConfigurationList;
			buildConfigurations = (
				607FACED1AFB9204008FA782 /* Debug */,
				607FACEE1AFB9204008FA782 /* Release */,
			);
			defaultConfigurationIsVisible = 0;
			defaultConfigurationName = Release;
		};
		607FACEF1AFB9204008FA782 /* Build configuration list for PBXNativeTarget "ActiveLookSDK_Example" */ = {
			isa = XCConfigurationList;
			buildConfigurations = (
				607FACF01AFB9204008FA782 /* Debug */,
				607FACF11AFB9204008FA782 /* Release */,
			);
			defaultConfigurationIsVisible = 0;
			defaultConfigurationName = Release;
		};
		607FACF21AFB9204008FA782 /* Build configuration list for PBXNativeTarget "ActiveLookSDK_Tests" */ = {
			isa = XCConfigurationList;
			buildConfigurations = (
				607FACF31AFB9204008FA782 /* Debug */,
				607FACF41AFB9204008FA782 /* Release */,
			);
			defaultConfigurationIsVisible = 0;
			defaultConfigurationName = Release;
		};
/* End XCConfigurationList section */
	};
	rootObject = 607FACC81AFB9204008FA782 /* Project object */;
}
